#MicroXplorer Configuration settings - do not modify
File.Version=6
KeepUserPlacement=false
Mcu.Family=STM32F1
Mcu.Name=STM32F103C8Tx
Mcu.Package=LQFP48
Mcu.PinCount=48
Mcu.UserName=STM32F103C8Tx
PCC.Checker=false
PCC.Line=STM32F103
PCC.MCU=STM32F103C8Tx
PCC.PartFamily=STM32F1
PCC.Series=STM32F1
PCC.Temperature=25
PCC.Vdd=3.3
ProjectManager.ProjectFileName=BluePill.ioc
ProjectManager.ProjectName=BluePill
ProjectManager.TargetToolchain=Makefile
ProjectManager.functionlistsort=1-MX_GPIO_Init-GPIO-false-HAL-true,2-SystemClock_Config-RCC-false-HAL-false,3-MX_USART1_UART_Init-USART1-false-HAL-true,4-MX_TIM2_Init-TIM2-false-HAL-true
RCC.AHBFreq_Value=72000000
RCC.APB1Freq_Value=36000000
RCC.APB2Freq_Value=72000000
RCC.FCLKCortexFreq_Value=72000000
RCC.FamilyName=M
RCC.HSE_VALUE=8000000
RCC.HSI_VALUE=8000000
RCC.IPParameters=AHBFreq_Value,APB1Freq_Value,APB2Freq_Value,FCLKCortexFreq_Value,FamilyName,HSE_VALUE,HSI_VALUE,MCOFreq_Value,PLLCLKFreq_Value,PLLMCOFreq_Value,PLLMUL,PLLSourceVirtual,SYSCLKFreq_VALUE,SYSCLKSource,TimSysFreq_Value,USBFreq_Value,VCOOutput2Freq_Value
RCC.MCOFreq_Value=72000000
RCC.PLLCLKFreq_Value=72000000
RCC.PLLMCOFreq_Value=36000000
RCC.PLLMUL=RCC_PLL_MUL9
RCC.PLLSourceVirtual=RCC_PLLSOURCE_HSE
RCC.SYSCLKFreq_VALUE=72000000
RCC.SYSCLKSource=RCC_SYSCLKSOURCE_PLLCLK
RCC.TimSysFreq_Value=72000000
PA0.Locked=true
PA0.Mode=PWM Generation1 CH1
PA0.Signal=TIM2_CH1
PA9.Locked=true
PA9.Mode=Asynchronous
PA9.Signal=USART1_TX
PA10.Locked=true
PA10.Mode=Asynchronous
PA10.Signal=USART1_RX
PC13.Locked=true
PC13.Signal=GPIO_Output
PC13.GPIO_Label=LED
USART1.BaudRate=115200
USART1.IPParameters=BaudRate,WordLength
USART1.WordLength=UART_WORDLENGTH_8B
TIM2.Channel-PWM\ Generation1\ CH1=TIM_CHANNEL_1
TIM2.IPParameters=Channel-PWM Generation1 CH1,Prescaler,Period
TIM2.Period=999
TIM2.Prescaler=71
NVIC.USART1_IRQn=true
NVIC.TIM2_IRQn=true
VP_SYS_VS_Systick.Mode=SysTick
VP_SYS_VS_Systick.Signal=SYS_VS_Systick
nvic=USART1_IRQn,TIM2_IRQn
Dma.Request0=USART1_RX
Dma.RequestsNb=1
